
Microsoft Visual Studio Solution File, Format Version 12.00
# Visual Studio 15
VisualStudioVersion = 15.0.27004.2002
MinimumVisualStudioVersion = 10.0.40219.1
Project("{FAE04EC0-301F-11D3-BF4B-00C04F79EFBC}") = "BookLibrary", "BookLibrary\BookLibrary.csproj", "{1C0FD6D6-A9B7-4BC6-9802-06BCA67611E8}"
EndProject
Global
	GlobalSection(SolutionConfigurationPlatforms) = preSolution
		Debug|Any CPU = Debug|Any CPU
		Release|Any CPU = Release|Any CPU
	EndGlobalSection
	GlobalSection(ProjectConfigurationPlatforms) = postSolution
		{1C0FD6D6-A9B7-4BC6-9802-06BCA67611E8}.Debug|Any CPU.ActiveCfg = Debug|Any CPU
		{1C0FD6D6-A9B7-4BC6-9802-06BCA67611E8}.Debug|Any CPU.Build.0 = Debug|Any CPU
		{1C0FD6D6-A9B7-4BC6-9802-06BCA67611E8}.Release|Any CPU.ActiveCfg = Release|Any CPU
		{1C0FD6D6-A9B7-4BC6-9802-06BCA67611E8}.Release|Any CPU.Build.0 = Release|Any CPU
	EndGlobalSection
	GlobalSection(SolutionProperties) = preSolution
		HideSolutionNode = FALSE
	EndGlobalSection
	GlobalSection(ExtensibilityGlobals) = postSolution
		SolutionGuid = {E489AB77-E9F9-475B-ADBC-552B08836044}
	EndGlobalSection
EndGlobal
